
Microsoft Visual Studio Solution File, Format Version 12.00
# Visual Studio Version 17
VisualStudioVersion = 17.14.36930.0 d17.14
MinimumVisualStudioVersion = 10.0.40219.1
Project("{FAE04EC0-301F-11D3-BF4B-00C04F79EFBC}") = "testsForDevOps", "testsForDevOps.csproj", "{BFECF3A5-DF8B-4FD9-81F8-417F4123B692}"
EndProject
Project("{FAE04EC0-301F-11D3-BF4B-00C04F79EFBC}") = "MainCode", "..\MainCode\MainCode.csproj", "{38407ACB-D468-43D1-AA4E-34CDC21D55B2}"
EndProject
Project("{2150E333-8FDC-42A3-9474-1A3956D46DE8}") = "Solution Items", "Solution Items", "{02EA681E-C7D8-13C7-8484-4AC65E1B71E8}"
EndProject
Global
	GlobalSection(SolutionConfigurationPlatforms) = preSolution
		Debug|Any CPU = Debug|Any CPU
		Release|Any CPU = Release|Any CPU
	EndGlobalSection
	GlobalSection(ProjectConfigurationPlatforms) = postSolution
		{BFECF3A5-DF8B-4FD9-81F8-417F4123B692}.Debug|Any CPU.ActiveCfg = Debug|Any CPU
		{BFECF3A5-DF8B-4FD9-81F8-417F4123B692}.Debug|Any CPU.Build.0 = Debug|Any CPU
		{BFECF3A5-DF8B-4FD9-81F8-417F4123B692}.Release|Any CPU.ActiveCfg = Release|Any CPU
		{BFECF3A5-DF8B-4FD9-81F8-417F4123B692}.Release|Any CPU.Build.0 = Release|Any CPU
		{38407ACB-D468-43D1-AA4E-34CDC21D55B2}.Debug|Any CPU.ActiveCfg = Debug|Any CPU
		{38407ACB-D468-43D1-AA4E-34CDC21D55B2}.Debug|Any CPU.Build.0 = Debug|Any CPU
		{38407ACB-D468-43D1-AA4E-34CDC21D55B2}.Release|Any CPU.ActiveCfg = Release|Any CPU
		{38407ACB-D468-43D1-AA4E-34CDC21D55B2}.Release|Any CPU.Build.0 = Release|Any CPU
	EndGlobalSection
	GlobalSection(SolutionProperties) = preSolution
		HideSolutionNode = FALSE
	EndGlobalSection
	GlobalSection(ExtensibilityGlobals) = postSolution
		SolutionGuid = {FA5D16EE-413E-41FB-AC5D-BBE311DE0631}
	EndGlobalSection
EndGlobal
